
Microsoft Visual Studio Solution File, Format Version 12.00
Project("{FAE04EC0-301F-11D3-BF4B-00C04F79EFBC}") = "Mission3", "Mission3.csproj", "{EA754F7B-D263-43FC-917C-A804E021B206}"
EndProject
Global
	GlobalSection(SolutionConfigurationPlatforms) = preSolution
		Debug|Any CPU = Debug|Any CPU
		Release|Any CPU = Release|Any CPU
	EndGlobalSection
	GlobalSection(ProjectConfigurationPlatforms) = postSolution
		{EA754F7B-D263-43FC-917C-A804E021B206}.Debug|Any CPU.ActiveCfg = Debug|Any CPU
		{EA754F7B-D263-43FC-917C-A804E021B206}.Debug|Any CPU.Build.0 = Debug|Any CPU
		{EA754F7B-D263-43FC-917C-A804E021B206}.Release|Any CPU.ActiveCfg = Release|Any CPU
		{EA754F7B-D263-43FC-917C-A804E021B206}.Release|Any CPU.Build.0 = Release|Any CPU
	EndGlobalSection
EndGlobal
